
Microsoft Visual Studio Solution File, Format Version 10.00
# Visual Studio 2008
Project("{FAE04EC0-301F-11D3-BF4B-00C04F79EFBC}") = "SkytraqFinalTestServer", "SkytraqFinalTestServer\SkytraqFinalTestServer.csproj", "{DBD4512B-9533-485D-B361-3432685BA51C}"
EndProject
Project("{FAE04EC0-301F-11D3-BF4B-00C04F79EFBC}") = "CommunicationBase", "CommunicationBase\CommunicationBase.csproj", "{9D4ECCD6-FD01-4873-B67F-BCDA93213632}"
EndProject
Project("{FAE04EC0-301F-11D3-BF4B-00C04F79EFBC}") = "FormClient", "FormClient\FormClient.csproj", "{EADA350F-04CF-40A9-A7F2-DA4EDB187762}"
EndProject
Global
	GlobalSection(SolutionConfigurationPlatforms) = preSolution
		Debug|Any CPU = Debug|Any CPU
		Release|Any CPU = Release|Any CPU
	EndGlobalSection
	GlobalSection(ProjectConfigurationPlatforms) = postSolution
		{9D4ECCD6-FD01-4873-B67F-BCDA93213632}.Debug|Any CPU.ActiveCfg = Debug|Any CPU
		{9D4ECCD6-FD01-4873-B67F-BCDA93213632}.Debug|Any CPU.Build.0 = Debug|Any CPU
		{9D4ECCD6-FD01-4873-B67F-BCDA93213632}.Release|Any CPU.ActiveCfg = Release|Any CPU
		{9D4ECCD6-FD01-4873-B67F-BCDA93213632}.Release|Any CPU.Build.0 = Release|Any CPU
		{EADA350F-04CF-40A9-A7F2-DA4EDB187762}.Debug|Any CPU.ActiveCfg = Debug|Any CPU
		{EADA350F-04CF-40A9-A7F2-DA4EDB187762}.Debug|Any CPU.Build.0 = Debug|Any CPU
		{EADA350F-04CF-40A9-A7F2-DA4EDB187762}.Release|Any CPU.ActiveCfg = Release|Any CPU
		{EADA350F-04CF-40A9-A7F2-DA4EDB187762}.Release|Any CPU.Build.0 = Release|Any CPU
		{DBD4512B-9533-485D-B361-3432685BA51C}.Debug|Any CPU.ActiveCfg = Debug|Any CPU
		{DBD4512B-9533-485D-B361-3432685BA51C}.Debug|Any CPU.Build.0 = Debug|Any CPU
		{DBD4512B-9533-485D-B361-3432685BA51C}.Release|Any CPU.ActiveCfg = Release|Any CPU
		{DBD4512B-9533-485D-B361-3432685BA51C}.Release|Any CPU.Build.0 = Release|Any CPU
	EndGlobalSection
	GlobalSection(SolutionProperties) = preSolution
		HideSolutionNode = FALSE
	EndGlobalSection
EndGlobal
